{
  "version": 4,
  "terraform_version": "1.8.2",
  "serial": 50,
  "lineage": "e6dbad47-d8dc-36b2-97ea-caff315a0496",
  "outputs": {
    "account_id": {
      "value": "381492249334",
      "type": "string"
    },
    "subnet_ids": {
      "value": [
        "subnet-0e09041f63e1d2c1e",
        "subnet-0ba0e8009707208fc",
        "subnet-0674e92f0ec91bbb3"
      ],
      "type": [
        "list",
        "string"
      ]
    },
    "vpc_id": {
      "value": "vpc-08cd85c329baa853a",
      "type": "string"
    }
  },
  "resources": [
    {
      "mode": "data",
      "type": "aws_caller_identity",
      "name": "current",
      "provider": "provider[\"registry.terraform.io/hashicorp/aws\"]",
      "instances": [
        {
          "schema_version": 0,
          "attributes": {
            "account_id": "381492249334",
            "arn": "arn:aws:iam::381492249334:user/appletree",
            "id": "381492249334",
            "user_id": "AIDAVRUVVYL3CN2UO35SZ"
          },
          "sensitive_attributes": []
        }
      ]
    },
    {
      "mode": "data",
      "type": "aws_subnets",
      "name": "all",
      "provider": "provider[\"registry.terraform.io/hashicorp/aws\"]",
      "instances": [
        {
          "schema_version": 0,
          "attributes": {
            "filter": [
              {
                "name": "vpc-id",
                "values": [
                  "vpc-08cd85c329baa853a"
                ]
              }
            ],
            "id": "ap-southeast-2",
            "ids": [
              "subnet-0e09041f63e1d2c1e",
              "subnet-0ba0e8009707208fc",
              "subnet-0674e92f0ec91bbb3"
            ],
            "tags": null,
            "timeouts": null
          },
          "sensitive_attributes": []
        }
      ]
    },
    {
      "mode": "data",
      "type": "aws_vpc",
      "name": "default",
      "provider": "provider[\"registry.terraform.io/hashicorp/aws\"]",
      "instances": [
        {
          "schema_version": 0,
          "attributes": {
            "arn": "arn:aws:ec2:ap-southeast-2:381492249334:vpc/vpc-08cd85c329baa853a",
            "cidr_block": "172.31.0.0/16",
            "cidr_block_associations": [
              {
                "association_id": "vpc-cidr-assoc-0822230620a3320b3",
                "cidr_block": "172.31.0.0/16",
                "state": "associated"
              }
            ],
            "default": true,
            "dhcp_options_id": "dopt-07ae17ccc51175306",
            "enable_dns_hostnames": true,
            "enable_dns_support": true,
            "enable_network_address_usage_metrics": false,
            "filter": null,
            "id": "vpc-08cd85c329baa853a",
            "instance_tenancy": "default",
            "ipv6_association_id": "",
            "ipv6_cidr_block": "",
            "main_route_table_id": "rtb-0b3aa27de0bd86075",
            "owner_id": "381492249334",
            "state": null,
            "tags": {},
            "timeouts": null
          },
          "sensitive_attributes": []
        }
      ]
    },
    {
      "mode": "managed",
      "type": "aws_key_pair",
      "name": "vm",
      "provider": "provider[\"registry.terraform.io/hashicorp/aws\"]",
      "instances": [
        {
          "schema_version": 1,
          "attributes": {
            "arn": "arn:aws:ec2:ap-southeast-2:381492249334:key-pair/vm",
            "fingerprint": "5e:b6:b3:f3:7a:d5:b2:c1:14:ff:d9:2b:91:58:65:a7",
            "id": "vm",
            "key_name": "vm",
            "key_name_prefix": "",
            "key_pair_id": "key-0ec2a48a0113e6f6b",
            "key_type": "rsa",
            "public_key": "ssh-rsa AAAAB3NzaC1yc2EAAAADAQABAAACAQC3TzR0TJwJU05ACdab1+yu1bfG7RNnM+2VncM2KRwmGTe2DJF3LxgOeBbOE+6epJliXr6cDGRd4/yiN70NikgqsVSLL8vgMgBxiH19Jcplmdr38pHPICOEKzJ2h53KZZ09dOxvfNPAbXWeG7Go1hUVhynX071bpjOWeQvFVf4V5dW49isPaGXChSy2JMj6yExnzJuwjmli0cTPBCZ6IVApMbVEVrZF9o+wqsIgIw7TmuuVhgkTVX+uhBOyAdq/rruLm2HYyI/R/L00wqyobEToOK7cVKcjnCO1YoiisGer4gzk2J2guxjwjwCHMxEbWn87TH8pKs3w+sSi62E7LdlRfRU0y1pWgN/UI62xXMSErgmK0+78/oaZdU71i2il8lsbp1aFHsU4XUjsGNXxIK2sgCvNJWdcuCAPVHMmPBefWQEst8h8GhWYf/+02eppFh3Epe+Z9DCfu5gdGAESWkuPz2R1OeWBsovytnan3ea5RSH/JIB3Em1BTfmCFmbjt7P/n0OdXI0hFkSMc6LDauOlmAPi7Y43sfXoa1kzpsNDOgA2m1cyN9Cp2BhhcRalDs+Z7NwW3NDTEWw4J61lXwTDkpK7HveM8R+NLEaN3L18WgtUwLYFN2wmxmR1WBrqgM4W/xqR3wdmBgWrOpYF9MSIn0WvKdLwUR6hBIBompkpVw== ec2-user@ip-172-31-11-54.ap-southeast-2.compute.internal",
            "tags": null,
            "tags_all": {}
          },
          "sensitive_attributes": [],
          "private": "eyJzY2hlbWFfdmVyc2lvbiI6IjEifQ=="
        }
      ]
    },
    {
      "mode": "managed",
      "type": "aws_security_group",
      "name": "free_tier",
      "provider": "provider[\"registry.terraform.io/hashicorp/aws\"]",
      "instances": [
        {
          "schema_version": 1,
          "attributes": {
            "arn": "arn:aws:ec2:ap-southeast-2:381492249334:security-group/sg-0131d8afeaf139fac",
            "description": "Default sg for free tier ec2",
            "egress": [],
            "id": "sg-0131d8afeaf139fac",
            "ingress": [],
            "name": "free_tier",
            "name_prefix": "",
            "owner_id": "381492249334",
            "revoke_rules_on_delete": false,
            "tags": null,
            "tags_all": {},
            "timeouts": null,
            "vpc_id": "vpc-08cd85c329baa853a"
          },
          "sensitive_attributes": [],
          "private": "eyJlMmJmYjczMC1lY2FhLTExZTYtOGY4OC0zNDM2M2JjN2M0YzAiOnsiY3JlYXRlIjo2MDAwMDAwMDAwMDAsImRlbGV0ZSI6OTAwMDAwMDAwMDAwfSwic2NoZW1hX3ZlcnNpb24iOiIxIn0=",
          "dependencies": [
            "data.aws_vpc.default"
          ]
        }
      ]
    },
    {
      "mode": "managed",
      "type": "aws_security_group_rule",
      "name": "ssh_ingress",
      "provider": "provider[\"registry.terraform.io/hashicorp/aws\"]",
      "instances": [
        {
          "index_key": "101.228.215.157/32",
          "schema_version": 2,
          "attributes": {
            "cidr_blocks": [
              "101.228.215.157/32"
            ],
            "description": null,
            "from_port": 22,
            "id": "sgrule-2401759847",
            "ipv6_cidr_blocks": null,
            "prefix_list_ids": null,
            "protocol": "tcp",
            "security_group_id": "sg-0131d8afeaf139fac",
            "security_group_rule_id": "sgr-06184d82674faf206",
            "self": false,
            "source_security_group_id": null,
            "timeouts": null,
            "to_port": 22,
            "type": "ingress"
          },
          "sensitive_attributes": [],
          "private": "eyJlMmJmYjczMC1lY2FhLTExZTYtOGY4OC0zNDM2M2JjN2M0YzAiOnsiY3JlYXRlIjozMDAwMDAwMDAwMDB9LCJzY2hlbWFfdmVyc2lvbiI6IjIifQ==",
          "dependencies": [
            "aws_security_group.free_tier",
            "data.aws_caller_identity.current",
            "data.aws_vpc.default"
          ]
        },
        {
          "index_key": "114.84.221.211/32",
          "schema_version": 2,
          "attributes": {
            "cidr_blocks": [
              "114.84.221.211/32"
            ],
            "description": null,
            "from_port": 22,
            "id": "sgrule-3847192835",
            "ipv6_cidr_blocks": null,
            "prefix_list_ids": null,
            "protocol": "tcp",
            "security_group_id": "sg-0131d8afeaf139fac",
            "security_group_rule_id": "sgr-0442bdbee35cdc1e6",
            "self": false,
            "source_security_group_id": null,
            "timeouts": null,
            "to_port": 22,
            "type": "ingress"
          },
          "sensitive_attributes": [],
          "private": "eyJlMmJmYjczMC1lY2FhLTExZTYtOGY4OC0zNDM2M2JjN2M0YzAiOnsiY3JlYXRlIjozMDAwMDAwMDAwMDB9LCJzY2hlbWFfdmVyc2lvbiI6IjIifQ==",
          "dependencies": [
            "aws_security_group.free_tier",
            "data.aws_caller_identity.current",
            "data.aws_vpc.default"
          ]
        }
      ]
    },
    {
      "mode": "managed",
      "type": "aws_vpc_security_group_egress_rule",
      "name": "allow_all_traffic_ipv4",
      "provider": "provider[\"registry.terraform.io/hashicorp/aws\"]",
      "instances": [
        {
          "schema_version": 0,
          "attributes": {
            "arn": "arn:aws:ec2:ap-southeast-2:381492249334:security-group-rule/sgr-04180ce5a9867a807",
            "cidr_ipv4": "0.0.0.0/0",
            "cidr_ipv6": null,
            "description": null,
            "from_port": null,
            "id": "sgr-04180ce5a9867a807",
            "ip_protocol": "-1",
            "prefix_list_id": null,
            "referenced_security_group_id": null,
            "security_group_id": "sg-0131d8afeaf139fac",
            "security_group_rule_id": "sgr-04180ce5a9867a807",
            "tags": null,
            "tags_all": {},
            "to_port": null
          },
          "sensitive_attributes": [],
          "dependencies": [
            "aws_security_group.free_tier",
            "data.aws_vpc.default"
          ]
        }
      ]
    },
    {
      "mode": "managed",
      "type": "aws_vpc_security_group_ingress_rule",
      "name": "allow_http_ipv4_all",
      "provider": "provider[\"registry.terraform.io/hashicorp/aws\"]",
      "instances": [
        {
          "schema_version": 0,
          "attributes": {
            "arn": "arn:aws:ec2:ap-southeast-2:381492249334:security-group-rule/sgr-0b331897d0e3fe531",
            "cidr_ipv4": "0.0.0.0/0",
            "cidr_ipv6": null,
            "description": null,
            "from_port": 80,
            "id": "sgr-0b331897d0e3fe531",
            "ip_protocol": "tcp",
            "prefix_list_id": null,
            "referenced_security_group_id": null,
            "security_group_id": "sg-0131d8afeaf139fac",
            "security_group_rule_id": "sgr-0b331897d0e3fe531",
            "tags": null,
            "tags_all": {},
            "to_port": 80
          },
          "sensitive_attributes": [],
          "dependencies": [
            "aws_security_group.free_tier",
            "data.aws_vpc.default"
          ]
        }
      ]
    },
    {
      "mode": "managed",
      "type": "aws_vpc_security_group_ingress_rule",
      "name": "allow_tls_ipv4_all",
      "provider": "provider[\"registry.terraform.io/hashicorp/aws\"]",
      "instances": [
        {
          "schema_version": 0,
          "attributes": {
            "arn": "arn:aws:ec2:ap-southeast-2:381492249334:security-group-rule/sgr-0a3881130d4a78c2a",
            "cidr_ipv4": "0.0.0.0/0",
            "cidr_ipv6": null,
            "description": null,
            "from_port": 443,
            "id": "sgr-0a3881130d4a78c2a",
            "ip_protocol": "tcp",
            "prefix_list_id": null,
            "referenced_security_group_id": null,
            "security_group_id": "sg-0131d8afeaf139fac",
            "security_group_rule_id": "sgr-0a3881130d4a78c2a",
            "tags": null,
            "tags_all": {},
            "to_port": 443
          },
          "sensitive_attributes": [],
          "dependencies": [
            "aws_security_group.free_tier",
            "data.aws_vpc.default"
          ]
        }
      ]
    }
  ],
  "check_results": null
}
